// !$*UTF8*$!
{
	archiveVersion = 1;
	classes = {
	};
	objectVersion = 56;
	objects = {

/* Begin PBXBuildFile section */
		14001C932B771B38009AF475 /* FollowerCell.swift in Sources */ = {isa = PBXBuildFile; fileRef = 14001C922B771B38009AF475 /* FollowerCell.swift */; };
		14001C952B771D9B009AF475 /* GFAvatarImageView.swift in Sources */ = {isa = PBXBuildFile; fileRef = 14001C942B771D9B009AF475 /* GFAvatarImageView.swift */; };
		1435BC852B7B3B4E00F4B689 /* GFEmptyStateView.swift in Sources */ = {isa = PBXBuildFile; fileRef = 1435BC842B7B3B4E00F4B689 /* GFEmptyStateView.swift */; };
		1435BC872B7B512900F4B689 /* UserInfoVC.swift in Sources */ = {isa = PBXBuildFile; fileRef = 1435BC862B7B512900F4B689 /* UserInfoVC.swift */; };
		143EE2452B72FE76001FB7B0 /* AppDelegate.swift in Sources */ = {isa = PBXBuildFile; fileRef = 143EE2442B72FE76001FB7B0 /* AppDelegate.swift */; };
		143EE2472B72FE76001FB7B0 /* SceneDelegate.swift in Sources */ = {isa = PBXBuildFile; fileRef = 143EE2462B72FE76001FB7B0 /* SceneDelegate.swift */; };
		143EE2492B72FE76001FB7B0 /* SearchVC.swift in Sources */ = {isa = PBXBuildFile; fileRef = 143EE2482B72FE76001FB7B0 /* SearchVC.swift */; };
		143EE24E2B72FE78001FB7B0 /* Assets.xcassets in Resources */ = {isa = PBXBuildFile; fileRef = 143EE24D2B72FE78001FB7B0 /* Assets.xcassets */; };
		143EE2512B72FE78001FB7B0 /* LaunchScreen.storyboard in Resources */ = {isa = PBXBuildFile; fileRef = 143EE24F2B72FE78001FB7B0 /* LaunchScreen.storyboard */; };
		143EE2592B7309B4001FB7B0 /* MainTabBarController.swift in Sources */ = {isa = PBXBuildFile; fileRef = 143EE2582B7309B4001FB7B0 /* MainTabBarController.swift */; };
		143EE25B2B730A3E001FB7B0 /* FavoritesListVC.swift in Sources */ = {isa = PBXBuildFile; fileRef = 143EE25A2B730A3E001FB7B0 /* FavoritesListVC.swift */; };
		143EE25D2B731BEF001FB7B0 /* GFButton.swift in Sources */ = {isa = PBXBuildFile; fileRef = 143EE25C2B731BEF001FB7B0 /* GFButton.swift */; };
		143EE25F2B731D3D001FB7B0 /* GFTextField.swift in Sources */ = {isa = PBXBuildFile; fileRef = 143EE25E2B731D3D001FB7B0 /* GFTextField.swift */; };
		148D315C2B786E9400234292 /* UIHelper.swift in Sources */ = {isa = PBXBuildFile; fileRef = 148D315B2B786E9400234292 /* UIHelper.swift */; };
		148D35732B7486D200B3BFBA /* GFTitleLabel.swift in Sources */ = {isa = PBXBuildFile; fileRef = 148D35722B7486D200B3BFBA /* GFTitleLabel.swift */; };
		148D35752B74894300B3BFBA /* GFBodyLabel.swift in Sources */ = {isa = PBXBuildFile; fileRef = 148D35742B74894300B3BFBA /* GFBodyLabel.swift */; };
		148D35772B748A7900B3BFBA /* GFAlertVC.swift in Sources */ = {isa = PBXBuildFile; fileRef = 148D35762B748A7900B3BFBA /* GFAlertVC.swift */; };
		148D35792B7497BC00B3BFBA /* ViewController-EXT.swift in Sources */ = {isa = PBXBuildFile; fileRef = 148D35782B7497BC00B3BFBA /* ViewController-EXT.swift */; };
		148D357F2B74B4FB00B3BFBA /* Follower.swift in Sources */ = {isa = PBXBuildFile; fileRef = 148D357E2B74B4FB00B3BFBA /* Follower.swift */; };
		148D35822B74B57D00B3BFBA /* User.swift in Sources */ = {isa = PBXBuildFile; fileRef = 148D35812B74B57D00B3BFBA /* User.swift */; };
		148D35842B74B93100B3BFBA /* NetworkManager.swift in Sources */ = {isa = PBXBuildFile; fileRef = 148D35832B74B93100B3BFBA /* NetworkManager.swift */; };
		148D35882B74C41700B3BFBA /* ErrorMessages.swift in Sources */ = {isa = PBXBuildFile; fileRef = 148D35872B74C41700B3BFBA /* ErrorMessages.swift */; };
		14E4ED3A2B73E9B500B76DAD /* FollowersListVC.swift in Sources */ = {isa = PBXBuildFile; fileRef = 14E4ED392B73E9B500B76DAD /* FollowersListVC.swift */; };
/* End PBXBuildFile section */

/* Begin PBXFileReference section */
		14001C922B771B38009AF475 /* FollowerCell.swift */ = {isa = PBXFileReference; lastKnownFileType = sourcecode.swift; path = FollowerCell.swift; sourceTree = "<group>"; };
		14001C942B771D9B009AF475 /* GFAvatarImageView.swift */ = {isa = PBXFileReference; lastKnownFileType = sourcecode.swift; path = GFAvatarImageView.swift; sourceTree = "<group>"; };
		1435BC842B7B3B4E00F4B689 /* GFEmptyStateView.swift */ = {isa = PBXFileReference; lastKnownFileType = sourcecode.swift; path = GFEmptyStateView.swift; sourceTree = "<group>"; };
		1435BC862B7B512900F4B689 /* UserInfoVC.swift */ = {isa = PBXFileReference; lastKnownFileType = sourcecode.swift; path = UserInfoVC.swift; sourceTree = "<group>"; };
		143EE2412B72FE76001FB7B0 /* GitHub Followers.app */ = {isa = PBXFileReference; explicitFileType = wrapper.application; includeInIndex = 0; path = "GitHub Followers.app"; sourceTree = BUILT_PRODUCTS_DIR; };
		143EE2442B72FE76001FB7B0 /* AppDelegate.swift */ = {isa = PBXFileReference; lastKnownFileType = sourcecode.swift; path = AppDelegate.swift; sourceTree = "<group>"; };
		143EE2462B72FE76001FB7B0 /* SceneDelegate.swift */ = {isa = PBXFileReference; lastKnownFileType = sourcecode.swift; path = SceneDelegate.swift; sourceTree = "<group>"; };
		143EE2482B72FE76001FB7B0 /* SearchVC.swift */ = {isa = PBXFileReference; lastKnownFileType = sourcecode.swift; path = SearchVC.swift; sourceTree = "<group>"; };
		143EE24D2B72FE78001FB7B0 /* Assets.xcassets */ = {isa = PBXFileReference; lastKnownFileType = folder.assetcatalog; path = Assets.xcassets; sourceTree = "<group>"; };
		143EE2502B72FE78001FB7B0 /* Base */ = {isa = PBXFileReference; lastKnownFileType = file.storyboard; name = Base; path = Base.lproj/LaunchScreen.storyboard; sourceTree = "<group>"; };
		143EE2522B72FE78001FB7B0 /* Info.plist */ = {isa = PBXFileReference; lastKnownFileType = text.plist.xml; path = Info.plist; sourceTree = "<group>"; };
		143EE2582B7309B4001FB7B0 /* MainTabBarController.swift */ = {isa = PBXFileReference; lastKnownFileType = sourcecode.swift; path = MainTabBarController.swift; sourceTree = "<group>"; };
		143EE25A2B730A3E001FB7B0 /* FavoritesListVC.swift */ = {isa = PBXFileReference; lastKnownFileType = sourcecode.swift; path = FavoritesListVC.swift; sourceTree = "<group>"; };
		143EE25C2B731BEF001FB7B0 /* GFButton.swift */ = {isa = PBXFileReference; lastKnownFileType = sourcecode.swift; path = GFButton.swift; sourceTree = "<group>"; };
		143EE25E2B731D3D001FB7B0 /* GFTextField.swift */ = {isa = PBXFileReference; lastKnownFileType = sourcecode.swift; path = GFTextField.swift; sourceTree = "<group>"; };
		148D315B2B786E9400234292 /* UIHelper.swift */ = {isa = PBXFileReference; lastKnownFileType = sourcecode.swift; path = UIHelper.swift; sourceTree = "<group>"; };
		148D35722B7486D200B3BFBA /* GFTitleLabel.swift */ = {isa = PBXFileReference; lastKnownFileType = sourcecode.swift; path = GFTitleLabel.swift; sourceTree = "<group>"; };
		148D35742B74894300B3BFBA /* GFBodyLabel.swift */ = {isa = PBXFileReference; lastKnownFileType = sourcecode.swift; path = GFBodyLabel.swift; sourceTree = "<group>"; };
		148D35762B748A7900B3BFBA /* GFAlertVC.swift */ = {isa = PBXFileReference; lastKnownFileType = sourcecode.swift; path = GFAlertVC.swift; sourceTree = "<group>"; };
		148D35782B7497BC00B3BFBA /* ViewController-EXT.swift */ = {isa = PBXFileReference; lastKnownFileType = sourcecode.swift; path = "ViewController-EXT.swift"; sourceTree = "<group>"; };
		148D357E2B74B4FB00B3BFBA /* Follower.swift */ = {isa = PBXFileReference; lastKnownFileType = sourcecode.swift; path = Follower.swift; sourceTree = "<group>"; };
		148D35812B74B57D00B3BFBA /* User.swift */ = {isa = PBXFileReference; lastKnownFileType = sourcecode.swift; path = User.swift; sourceTree = "<group>"; };
		148D35832B74B93100B3BFBA /* NetworkManager.swift */ = {isa = PBXFileReference; lastKnownFileType = sourcecode.swift; path = NetworkManager.swift; sourceTree = "<group>"; };
		148D35872B74C41700B3BFBA /* ErrorMessages.swift */ = {isa = PBXFileReference; lastKnownFileType = sourcecode.swift; path = ErrorMessages.swift; sourceTree = "<group>"; };
		14E4ED392B73E9B500B76DAD /* FollowersListVC.swift */ = {isa = PBXFileReference; lastKnownFileType = sourcecode.swift; path = FollowersListVC.swift; sourceTree = "<group>"; };
/* End PBXFileReference section */

/* Begin PBXFrameworksBuildPhase section */
		143EE23E2B72FE76001FB7B0 /* Frameworks */ = {
			isa = PBXFrameworksBuildPhase;
			buildActionMask = 2147483647;
			files = (
			);
			runOnlyForDeploymentPostprocessing = 0;
		};
/* End PBXFrameworksBuildPhase section */

/* Begin PBXGroup section */
		14001C912B771B1A009AF475 /* CellViews */ = {
			isa = PBXGroup;
			children = (
				14001C922B771B38009AF475 /* FollowerCell.swift */,
			);
			path = CellViews;
			sourceTree = "<group>";
		};
		1435BC7F2B7B3A8900F4B689 /* Buttons */ = {
			isa = PBXGroup;
			children = (
				143EE25C2B731BEF001FB7B0 /* GFButton.swift */,
			);
			path = Buttons;
			sourceTree = "<group>";
		};
		1435BC802B7B3A9B00F4B689 /* Labels */ = {
			isa = PBXGroup;
			children = (
				148D35722B7486D200B3BFBA /* GFTitleLabel.swift */,
				148D35742B74894300B3BFBA /* GFBodyLabel.swift */,
			);
			path = Labels;
			sourceTree = "<group>";
		};
		1435BC812B7B3AA100F4B689 /* Views */ = {
			isa = PBXGroup;
			children = (
				1435BC842B7B3B4E00F4B689 /* GFEmptyStateView.swift */,
			);
			path = Views;
			sourceTree = "<group>";
		};
		1435BC822B7B3AA600F4B689 /* ImageViews */ = {
			isa = PBXGroup;
			children = (
				14001C942B771D9B009AF475 /* GFAvatarImageView.swift */,
			);
			path = ImageViews;
			sourceTree = "<group>";
		};
		1435BC832B7B3AAF00F4B689 /* TextField */ = {
			isa = PBXGroup;
			children = (
				143EE25E2B731D3D001FB7B0 /* GFTextField.swift */,
			);
			path = TextField;
			sourceTree = "<group>";
		};
		143EE2382B72FE76001FB7B0 = {
			isa = PBXGroup;
			children = (
				143EE2432B72FE76001FB7B0 /* GitHub Followers */,
				143EE2422B72FE76001FB7B0 /* Products */,
			);
			sourceTree = "<group>";
		};
		143EE2422B72FE76001FB7B0 /* Products */ = {
			isa = PBXGroup;
			children = (
				143EE2412B72FE76001FB7B0 /* GitHub Followers.app */,
			);
			name = Products;
			sourceTree = "<group>";
		};
		143EE2432B72FE76001FB7B0 /* GitHub Followers */ = {
			isa = PBXGroup;
			children = (
				148D35862B74C3BA00B3BFBA /* Utilities */,
				148D357C2B74AFFE00B3BFBA /* Extensions */,
				148D35852B74B93600B3BFBA /* Managers */,
				148D35802B74B50100B3BFBA /* Model */,
				148D357A2B74AE9000B3BFBA /* Screens */,
				148D357B2B74AED400B3BFBA /* Custom views */,
				148D357D2B74B01100B3BFBA /* Support */,
				143EE2522B72FE78001FB7B0 /* Info.plist */,
			);
			path = "GitHub Followers";
			sourceTree = "<group>";
		};
		148D357A2B74AE9000B3BFBA /* Screens */ = {
			isa = PBXGroup;
			children = (
				143EE2582B7309B4001FB7B0 /* MainTabBarController.swift */,
				143EE2482B72FE76001FB7B0 /* SearchVC.swift */,
				14E4ED392B73E9B500B76DAD /* FollowersListVC.swift */,
				143EE25A2B730A3E001FB7B0 /* FavoritesListVC.swift */,
				148D35762B748A7900B3BFBA /* GFAlertVC.swift */,
				1435BC862B7B512900F4B689 /* UserInfoVC.swift */,
			);
			name = Screens;
			sourceTree = "<group>";
		};
		148D357B2B74AED400B3BFBA /* Custom views */ = {
			isa = PBXGroup;
			children = (
				14001C912B771B1A009AF475 /* CellViews */,
				1435BC832B7B3AAF00F4B689 /* TextField */,
				1435BC822B7B3AA600F4B689 /* ImageViews */,
				1435BC812B7B3AA100F4B689 /* Views */,
				1435BC802B7B3A9B00F4B689 /* Labels */,
				1435BC7F2B7B3A8900F4B689 /* Buttons */,
			);
			name = "Custom views";
			sourceTree = "<group>";
		};
		148D357C2B74AFFE00B3BFBA /* Extensions */ = {
			isa = PBXGroup;
			children = (
				148D35782B7497BC00B3BFBA /* ViewController-EXT.swift */,
			);
			name = Extensions;
			sourceTree = "<group>";
		};
		148D357D2B74B01100B3BFBA /* Support */ = {
			isa = PBXGroup;
			children = (
				143EE2442B72FE76001FB7B0 /* AppDelegate.swift */,
				143EE2462B72FE76001FB7B0 /* SceneDelegate.swift */,
				143EE24D2B72FE78001FB7B0 /* Assets.xcassets */,
				143EE24F2B72FE78001FB7B0 /* LaunchScreen.storyboard */,
			);
			name = Support;
			sourceTree = "<group>";
		};
		148D35802B74B50100B3BFBA /* Model */ = {
			isa = PBXGroup;
			children = (
				148D357E2B74B4FB00B3BFBA /* Follower.swift */,
				148D35812B74B57D00B3BFBA /* User.swift */,
			);
			path = Model;
			sourceTree = "<group>";
		};
		148D35852B74B93600B3BFBA /* Managers */ = {
			isa = PBXGroup;
			children = (
				148D35832B74B93100B3BFBA /* NetworkManager.swift */,
			);
			path = Managers;
			sourceTree = "<group>";
		};
		148D35862B74C3BA00B3BFBA /* Utilities */ = {
			isa = PBXGroup;
			children = (
				148D35872B74C41700B3BFBA /* ErrorMessages.swift */,
				148D315B2B786E9400234292 /* UIHelper.swift */,
			);
			path = Utilities;
			sourceTree = "<group>";
		};
/* End PBXGroup section */

/* Begin PBXNativeTarget section */
		143EE2402B72FE76001FB7B0 /* GitHub Followers */ = {
			isa = PBXNativeTarget;
			buildConfigurationList = 143EE2552B72FE78001FB7B0 /* Build configuration list for PBXNativeTarget "GitHub Followers" */;
			buildPhases = (
				143EE23D2B72FE76001FB7B0 /* Sources */,
				143EE23E2B72FE76001FB7B0 /* Frameworks */,
				143EE23F2B72FE76001FB7B0 /* Resources */,
			);
			buildRules = (
			);
			dependencies = (
			);
			name = "GitHub Followers";
			productName = "GitHub Followers";
			productReference = 143EE2412B72FE76001FB7B0 /* GitHub Followers.app */;
			productType = "com.apple.product-type.application";
		};
/* End PBXNativeTarget section */

/* Begin PBXProject section */
		143EE2392B72FE76001FB7B0 /* Project object */ = {
			isa = PBXProject;
			attributes = {
				BuildIndependentTargetsInParallel = 1;
				LastSwiftUpdateCheck = 1520;
				LastUpgradeCheck = 1520;
				TargetAttributes = {
					143EE2402B72FE76001FB7B0 = {
						CreatedOnToolsVersion = 15.2;
					};
				};
			};
			buildConfigurationList = 143EE23C2B72FE76001FB7B0 /* Build configuration list for PBXProject "GitHub Followers" */;
			compatibilityVersion = "Xcode 14.0";
			developmentRegion = en;
			hasScannedForEncodings = 0;
			knownRegions = (
				en,
				Base,
			);
			mainGroup = 143EE2382B72FE76001FB7B0;
			productRefGroup = 143EE2422B72FE76001FB7B0 /* Products */;
			projectDirPath = "";
			projectRoot = "";
			targets = (
				143EE2402B72FE76001FB7B0 /* GitHub Followers */,
			);
		};
/* End PBXProject section */

/* Begin PBXResourcesBuildPhase section */
		143EE23F2B72FE76001FB7B0 /* Resources */ = {
			isa = PBXResourcesBuildPhase;
			buildActionMask = 2147483647;
			files = (
				143EE2512B72FE78001FB7B0 /* LaunchScreen.storyboard in Resources */,
				143EE24E2B72FE78001FB7B0 /* Assets.xcassets in Resources */,
			);
			runOnlyForDeploymentPostprocessing = 0;
		};
/* End PBXResourcesBuildPhase section */

/* Begin PBXSourcesBuildPhase section */
		143EE23D2B72FE76001FB7B0 /* Sources */ = {
			isa = PBXSourcesBuildPhase;
			buildActionMask = 2147483647;
			files = (
				14001C952B771D9B009AF475 /* GFAvatarImageView.swift in Sources */,
				148D35882B74C41700B3BFBA /* ErrorMessages.swift in Sources */,
				143EE2492B72FE76001FB7B0 /* SearchVC.swift in Sources */,
				14001C932B771B38009AF475 /* FollowerCell.swift in Sources */,
				143EE2452B72FE76001FB7B0 /* AppDelegate.swift in Sources */,
				1435BC852B7B3B4E00F4B689 /* GFEmptyStateView.swift in Sources */,
				14E4ED3A2B73E9B500B76DAD /* FollowersListVC.swift in Sources */,
				143EE25D2B731BEF001FB7B0 /* GFButton.swift in Sources */,
				143EE25B2B730A3E001FB7B0 /* FavoritesListVC.swift in Sources */,
				148D35772B748A7900B3BFBA /* GFAlertVC.swift in Sources */,
				148D35822B74B57D00B3BFBA /* User.swift in Sources */,
				1435BC872B7B512900F4B689 /* UserInfoVC.swift in Sources */,
				148D35792B7497BC00B3BFBA /* ViewController-EXT.swift in Sources */,
				148D357F2B74B4FB00B3BFBA /* Follower.swift in Sources */,
				143EE2592B7309B4001FB7B0 /* MainTabBarController.swift in Sources */,
				148D35732B7486D200B3BFBA /* GFTitleLabel.swift in Sources */,
				143EE2472B72FE76001FB7B0 /* SceneDelegate.swift in Sources */,
				148D315C2B786E9400234292 /* UIHelper.swift in Sources */,
				148D35842B74B93100B3BFBA /* NetworkManager.swift in Sources */,
				143EE25F2B731D3D001FB7B0 /* GFTextField.swift in Sources */,
				148D35752B74894300B3BFBA /* GFBodyLabel.swift in Sources */,
			);
			runOnlyForDeploymentPostprocessing = 0;
		};
/* End PBXSourcesBuildPhase section */

/* Begin PBXVariantGroup section */
		143EE24F2B72FE78001FB7B0 /* LaunchScreen.storyboard */ = {
			isa = PBXVariantGroup;
			children = (
				143EE2502B72FE78001FB7B0 /* Base */,
			);
			name = LaunchScreen.storyboard;
			sourceTree = "<group>";
		};
/* End PBXVariantGroup section */

/* Begin XCBuildConfiguration section */
		143EE2532B72FE78001FB7B0 /* Debug */ = {
			isa = XCBuildConfiguration;
			buildSettings = {
				ALWAYS_SEARCH_USER_PATHS = NO;
				ASSETCATALOG_COMPILER_GENERATE_SWIFT_ASSET_SYMBOL_EXTENSIONS = YES;
				CLANG_ANALYZER_NONNULL = YES;
				CLANG_ANALYZER_NUMBER_OBJECT_CONVERSION = YES_AGGRESSIVE;
				CLANG_CXX_LANGUAGE_STANDARD = "gnu++20";
				CLANG_ENABLE_MODULES = YES;
				CLANG_ENABLE_OBJC_ARC = YES;
				CLANG_ENABLE_OBJC_WEAK = YES;
				CLANG_WARN_BLOCK_CAPTURE_AUTORELEASING = YES;
				CLANG_WARN_BOOL_CONVERSION = YES;
				CLANG_WARN_COMMA = YES;
				CLANG_WARN_CONSTANT_CONVERSION = YES;
				CLANG_WARN_DEPRECATED_OBJC_IMPLEMENTATIONS = YES;
				CLANG_WARN_DIRECT_OBJC_ISA_USAGE = YES_ERROR;
				CLANG_WARN_DOCUMENTATION_COMMENTS = YES;
				CLANG_WARN_EMPTY_BODY = YES;
				CLANG_WARN_ENUM_CONVERSION = YES;
				CLANG_WARN_INFINITE_RECURSION = YES;
				CLANG_WARN_INT_CONVERSION = YES;
				CLANG_WARN_NON_LITERAL_NULL_CONVERSION = YES;
				CLANG_WARN_OBJC_IMPLICIT_RETAIN_SELF = YES;
				CLANG_WARN_OBJC_LITERAL_CONVERSION = YES;
				CLANG_WARN_OBJC_ROOT_CLASS = YES_ERROR;
				CLANG_WARN_QUOTED_INCLUDE_IN_FRAMEWORK_HEADER = YES;
				CLANG_WARN_RANGE_LOOP_ANALYSIS = YES;
				CLANG_WARN_STRICT_PROTOTYPES = YES;
				CLANG_WARN_SUSPICIOUS_MOVE = YES;
				CLANG_WARN_UNGUARDED_AVAILABILITY = YES_AGGRESSIVE;
				CLANG_WARN_UNREACHABLE_CODE = YES;
				CLANG_WARN__DUPLICATE_METHOD_MATCH = YES;
				COPY_PHASE_STRIP = NO;
				DEBUG_INFORMATION_FORMAT = dwarf;
				ENABLE_STRICT_OBJC_MSGSEND = YES;
				ENABLE_TESTABILITY = YES;
				ENABLE_USER_SCRIPT_SANDBOXING = YES;
				GCC_C_LANGUAGE_STANDARD = gnu17;
				GCC_DYNAMIC_NO_PIC = NO;
				GCC_NO_COMMON_BLOCKS = YES;
				GCC_OPTIMIZATION_LEVEL = 0;
				GCC_PREPROCESSOR_DEFINITIONS = (
					"DEBUG=1",
					"$(inherited)",
				);
				GCC_WARN_64_TO_32_BIT_CONVERSION = YES;
				GCC_WARN_ABOUT_RETURN_TYPE = YES_ERROR;
				GCC_WARN_UNDECLARED_SELECTOR = YES;
				GCC_WARN_UNINITIALIZED_AUTOS = YES_AGGRESSIVE;
				GCC_WARN_UNUSED_FUNCTION = YES;
				GCC_WARN_UNUSED_VARIABLE = YES;
				IPHONEOS_DEPLOYMENT_TARGET = 17.2;
				LOCALIZATION_PREFERS_STRING_CATALOGS = YES;
				MTL_ENABLE_DEBUG_INFO = INCLUDE_SOURCE;
				MTL_FAST_MATH = YES;
				ONLY_ACTIVE_ARCH = YES;
				SDKROOT = iphoneos;
				SWIFT_ACTIVE_COMPILATION_CONDITIONS = "DEBUG $(inherited)";
				SWIFT_OPTIMIZATION_LEVEL = "-Onone";
			};
			name = Debug;
		};
		143EE2542B72FE78001FB7B0 /* Release */ = {
			isa = XCBuildConfiguration;
			buildSettings = {
				ALWAYS_SEARCH_USER_PATHS = NO;
				ASSETCATALOG_COMPILER_GENERATE_SWIFT_ASSET_SYMBOL_EXTENSIONS = YES;
				CLANG_ANALYZER_NONNULL = YES;
				CLANG_ANALYZER_NUMBER_OBJECT_CONVERSION = YES_AGGRESSIVE;
				CLANG_CXX_LANGUAGE_STANDARD = "gnu++20";
				CLANG_ENABLE_MODULES = YES;
				CLANG_ENABLE_OBJC_ARC = YES;
				CLANG_ENABLE_OBJC_WEAK = YES;
				CLANG_WARN_BLOCK_CAPTURE_AUTORELEASING = YES;
				CLANG_WARN_BOOL_CONVERSION = YES;
				CLANG_WARN_COMMA = YES;
				CLANG_WARN_CONSTANT_CONVERSION = YES;
				CLANG_WARN_DEPRECATED_OBJC_IMPLEMENTATIONS = YES;
				CLANG_WARN_DIRECT_OBJC_ISA_USAGE = YES_ERROR;
				CLANG_WARN_DOCUMENTATION_COMMENTS = YES;
				CLANG_WARN_EMPTY_BODY = YES;
				CLANG_WARN_ENUM_CONVERSION = YES;
				CLANG_WARN_INFINITE_RECURSION = YES;
				CLANG_WARN_INT_CONVERSION = YES;
				CLANG_WARN_NON_LITERAL_NULL_CONVERSION = YES;
				CLANG_WARN_OBJC_IMPLICIT_RETAIN_SELF = YES;
				CLANG_WARN_OBJC_LITERAL_CONVERSION = YES;
				CLANG_WARN_OBJC_ROOT_CLASS = YES_ERROR;
				CLANG_WARN_QUOTED_INCLUDE_IN_FRAMEWORK_HEADER = YES;
				CLANG_WARN_RANGE_LOOP_ANALYSIS = YES;
				CLANG_WARN_STRICT_PROTOTYPES = YES;
				CLANG_WARN_SUSPICIOUS_MOVE = YES;
				CLANG_WARN_UNGUARDED_AVAILABILITY = YES_AGGRESSIVE;
				CLANG_WARN_UNREACHABLE_CODE = YES;
				CLANG_WARN__DUPLICATE_METHOD_MATCH = YES;
				COPY_PHASE_STRIP = NO;
				DEBUG_INFORMATION_FORMAT = "dwarf-with-dsym";
				ENABLE_NS_ASSERTIONS = NO;
				ENABLE_STRICT_OBJC_MSGSEND = YES;
				ENABLE_USER_SCRIPT_SANDBOXING = YES;
				GCC_C_LANGUAGE_STANDARD = gnu17;
				GCC_NO_COMMON_BLOCKS = YES;
				GCC_WARN_64_TO_32_BIT_CONVERSION = YES;
				GCC_WARN_ABOUT_RETURN_TYPE = YES_ERROR;
				GCC_WARN_UNDECLARED_SELECTOR = YES;
				GCC_WARN_UNINITIALIZED_AUTOS = YES_AGGRESSIVE;
				GCC_WARN_UNUSED_FUNCTION = YES;
				GCC_WARN_UNUSED_VARIABLE = YES;
				IPHONEOS_DEPLOYMENT_TARGET = 17.2;
				LOCALIZATION_PREFERS_STRING_CATALOGS = YES;
				MTL_ENABLE_DEBUG_INFO = NO;
				MTL_FAST_MATH = YES;
				SDKROOT = iphoneos;
				SWIFT_COMPILATION_MODE = wholemodule;
				VALIDATE_PRODUCT = YES;
			};
			name = Release;
		};
		143EE2562B72FE78001FB7B0 /* Debug */ = {
			isa = XCBuildConfiguration;
			buildSettings = {
				ASSETCATALOG_COMPILER_APPICON_NAME = AppIcon;
				ASSETCATALOG_COMPILER_GLOBAL_ACCENT_COLOR_NAME = AccentColor;
				CODE_SIGN_STYLE = Automatic;
				CURRENT_PROJECT_VERSION = 1;
				DEVELOPMENT_TEAM = 2SS9FAQ8LA;
				GENERATE_INFOPLIST_FILE = YES;
				INFOPLIST_FILE = "GitHub Followers/Info.plist";
				INFOPLIST_KEY_UIApplicationSupportsIndirectInputEvents = YES;
				INFOPLIST_KEY_UILaunchStoryboardName = LaunchScreen;
				INFOPLIST_KEY_UISupportedInterfaceOrientations_iPad = "UIInterfaceOrientationPortrait UIInterfaceOrientationPortraitUpsideDown UIInterfaceOrientationLandscapeLeft UIInterfaceOrientationLandscapeRight";
				INFOPLIST_KEY_UISupportedInterfaceOrientations_iPhone = "UIInterfaceOrientationPortrait UIInterfaceOrientationLandscapeLeft UIInterfaceOrientationLandscapeRight";
				LD_RUNPATH_SEARCH_PATHS = (
					"$(inherited)",
					"@executable_path/Frameworks",
				);
				MARKETING_VERSION = 1.0;
				PRODUCT_BUNDLE_IDENTIFIER = "com.Mohanad.GitHub-Followers";
				PRODUCT_NAME = "$(TARGET_NAME)";
				SUPPORTED_PLATFORMS = "iphoneos iphonesimulator";
				SUPPORTS_MACCATALYST = NO;
				SUPPORTS_MAC_DESIGNED_FOR_IPHONE_IPAD = NO;
				SUPPORTS_XR_DESIGNED_FOR_IPHONE_IPAD = NO;
				SWIFT_EMIT_LOC_STRINGS = YES;
				SWIFT_VERSION = 5.0;
				TARGETED_DEVICE_FAMILY = 1;
			};
			name = Debug;
		};
		143EE2572B72FE78001FB7B0 /* Release */ = {
			isa = XCBuildConfiguration;
			buildSettings = {
				ASSETCATALOG_COMPILER_APPICON_NAME = AppIcon;
				ASSETCATALOG_COMPILER_GLOBAL_ACCENT_COLOR_NAME = AccentColor;
				CODE_SIGN_STYLE = Automatic;
				CURRENT_PROJECT_VERSION = 1;
				DEVELOPMENT_TEAM = 2SS9FAQ8LA;
				GENERATE_INFOPLIST_FILE = YES;
				INFOPLIST_FILE = "GitHub Followers/Info.plist";
				INFOPLIST_KEY_UIApplicationSupportsIndirectInputEvents = YES;
				INFOPLIST_KEY_UILaunchStoryboardName = LaunchScreen;
				INFOPLIST_KEY_UISupportedInterfaceOrientations_iPad = "UIInterfaceOrientationPortrait UIInterfaceOrientationPortraitUpsideDown UIInterfaceOrientationLandscapeLeft UIInterfaceOrientationLandscapeRight";
				INFOPLIST_KEY_UISupportedInterfaceOrientations_iPhone = "UIInterfaceOrientationPortrait UIInterfaceOrientationLandscapeLeft UIInterfaceOrientationLandscapeRight";
				LD_RUNPATH_SEARCH_PATHS = (
					"$(inherited)",
					"@executable_path/Frameworks",
				);
				MARKETING_VERSION = 1.0;
				PRODUCT_BUNDLE_IDENTIFIER = "com.Mohanad.GitHub-Followers";
				PRODUCT_NAME = "$(TARGET_NAME)";
				SUPPORTED_PLATFORMS = "iphoneos iphonesimulator";
				SUPPORTS_MACCATALYST = NO;
				SUPPORTS_MAC_DESIGNED_FOR_IPHONE_IPAD = NO;
				SUPPORTS_XR_DESIGNED_FOR_IPHONE_IPAD = NO;
				SWIFT_EMIT_LOC_STRINGS = YES;
				SWIFT_VERSION = 5.0;
				TARGETED_DEVICE_FAMILY = 1;
			};
			name = Release;
		};
/* End XCBuildConfiguration section */

/* Begin XCConfigurationList section */
		143EE23C2B72FE76001FB7B0 /* Build configuration list for PBXProject "GitHub Followers" */ = {
			isa = XCConfigurationList;
			buildConfigurations = (
				143EE2532B72FE78001FB7B0 /* Debug */,
				143EE2542B72FE78001FB7B0 /* Release */,
			);
			defaultConfigurationIsVisible = 0;
			defaultConfigurationName = Release;
		};
		143EE2552B72FE78001FB7B0 /* Build configuration list for PBXNativeTarget "GitHub Followers" */ = {
			isa = XCConfigurationList;
			buildConfigurations = (
				143EE2562B72FE78001FB7B0 /* Debug */,
				143EE2572B72FE78001FB7B0 /* Release */,
			);
			defaultConfigurationIsVisible = 0;
			defaultConfigurationName = Release;
		};
/* End XCConfigurationList section */
	};
	rootObject = 143EE2392B72FE76001FB7B0 /* Project object */;
}
